
Microsoft Visual Studio Solution File, Format Version 12.00
# Visual Studio Version 16
VisualStudioVersion = 16.0.29709.97
MinimumVisualStudioVersion = 10.0.40219.1
Project("{8BC9CEB8-8B4A-11D0-8D11-00A0C91BC942}") = "SudokuSolver", "SudokuSolver.vcxproj", "{D25DB806-AD6A-4676-92B6-2739A05A3D1E}"
EndProject
Global
	GlobalSection(SolutionConfigurationPlatforms) = preSolution
		Debug|x64 = Debug|x64
		Debug|x86 = Debug|x86
		Release|x64 = Release|x64
		Release|x86 = Release|x86
	EndGlobalSection
	GlobalSection(ProjectConfigurationPlatforms) = postSolution
		{D25DB806-AD6A-4676-92B6-2739A05A3D1E}.Debug|x64.ActiveCfg = Debug|x64
		{D25DB806-AD6A-4676-92B6-2739A05A3D1E}.Debug|x64.Build.0 = Debug|x64
		{D25DB806-AD6A-4676-92B6-2739A05A3D1E}.Debug|x86.ActiveCfg = Debug|Win32
		{D25DB806-AD6A-4676-92B6-2739A05A3D1E}.Debug|x86.Build.0 = Debug|Win32
		{D25DB806-AD6A-4676-92B6-2739A05A3D1E}.Release|x64.ActiveCfg = Release|x64
		{D25DB806-AD6A-4676-92B6-2739A05A3D1E}.Release|x64.Build.0 = Release|x64
		{D25DB806-AD6A-4676-92B6-2739A05A3D1E}.Release|x86.ActiveCfg = Release|Win32
		{D25DB806-AD6A-4676-92B6-2739A05A3D1E}.Release|x86.Build.0 = Release|Win32
	EndGlobalSection
	GlobalSection(SolutionProperties) = preSolution
		HideSolutionNode = FALSE
	EndGlobalSection
	GlobalSection(ExtensibilityGlobals) = postSolution
		SolutionGuid = {313FD59A-8F6F-49C1-B40D-9D1E1CBAA94E}
	EndGlobalSection
EndGlobal
